// !$*UTF8*$!
{
	archiveVersion = 1;
	classes = {
	};
	objectVersion = 46;
	objects = {

/* Begin PBXBuildFile section */
		CE94AAAB1DA4D8B50031B63C /* AppDelegate.swift in Sources */ = {isa = PBXBuildFile; fileRef = CE94AAAA1DA4D8B50031B63C /* AppDelegate.swift */; };
		CE94AAAD1DA4D8B50031B63C /* ViewController.swift in Sources */ = {isa = PBXBuildFile; fileRef = CE94AAAC1DA4D8B50031B63C /* ViewController.swift */; };
		CE94AAB01DA4D8B50031B63C /* Main.storyboard in Resources */ = {isa = PBXBuildFile; fileRef = CE94AAAE1DA4D8B50031B63C /* Main.storyboard */; };
		CE94AAB21DA4D8B60031B63C /* Assets.xcassets in Resources */ = {isa = PBXBuildFile; fileRef = CE94AAB11DA4D8B60031B63C /* Assets.xcassets */; };
		CE94AAB51DA4D8B60031B63C /* LaunchScreen.storyboard in Resources */ = {isa = PBXBuildFile; fileRef = CE94AAB31DA4D8B60031B63C /* LaunchScreen.storyboard */; };
		CE94AABD1DA4D8EF0031B63C /* AlertWindow.swift in Sources */ = {isa = PBXBuildFile; fileRef = CE94AABC1DA4D8EF0031B63C /* AlertWindow.swift */; };
		CE94AABF1DA4DB060031B63C /* OrderTotalController.swift in Sources */ = {isa = PBXBuildFile; fileRef = CE94AABE1DA4DB060031B63C /* OrderTotalController.swift */; };
/* End PBXBuildFile section */

/* Begin PBXFileReference section */
		CE94AAA71DA4D8B50031B63C /* WindowAlert.app */ = {isa = PBXFileReference; explicitFileType = wrapper.application; includeInIndex = 0; path = WindowAlert.app; sourceTree = BUILT_PRODUCTS_DIR; };
		CE94AAAA1DA4D8B50031B63C /* AppDelegate.swift */ = {isa = PBXFileReference; lastKnownFileType = sourcecode.swift; path = AppDelegate.swift; sourceTree = "<group>"; };
		CE94AAAC1DA4D8B50031B63C /* ViewController.swift */ = {isa = PBXFileReference; lastKnownFileType = sourcecode.swift; path = ViewController.swift; sourceTree = "<group>"; };
		CE94AAAF1DA4D8B50031B63C /* Base */ = {isa = PBXFileReference; lastKnownFileType = file.storyboard; name = Base; path = Base.lproj/Main.storyboard; sourceTree = "<group>"; };
		CE94AAB11DA4D8B60031B63C /* Assets.xcassets */ = {isa = PBXFileReference; lastKnownFileType = folder.assetcatalog; path = Assets.xcassets; sourceTree = "<group>"; };
		CE94AAB41DA4D8B60031B63C /* Base */ = {isa = PBXFileReference; lastKnownFileType = file.storyboard; name = Base; path = Base.lproj/LaunchScreen.storyboard; sourceTree = "<group>"; };
		CE94AAB61DA4D8B60031B63C /* Info.plist */ = {isa = PBXFileReference; lastKnownFileType = text.plist.xml; path = Info.plist; sourceTree = "<group>"; };
		CE94AABC1DA4D8EF0031B63C /* AlertWindow.swift */ = {isa = PBXFileReference; fileEncoding = 4; lastKnownFileType = sourcecode.swift; path = AlertWindow.swift; sourceTree = "<group>"; };
		CE94AABE1DA4DB060031B63C /* OrderTotalController.swift */ = {isa = PBXFileReference; fileEncoding = 4; lastKnownFileType = sourcecode.swift; path = OrderTotalController.swift; sourceTree = "<group>"; };
/* End PBXFileReference section */

/* Begin PBXFrameworksBuildPhase section */
		CE94AAA41DA4D8B50031B63C /* Frameworks */ = {
			isa = PBXFrameworksBuildPhase;
			buildActionMask = 2147483647;
			files = (
			);
			runOnlyForDeploymentPostprocessing = 0;
		};
/* End PBXFrameworksBuildPhase section */

/* Begin PBXGroup section */
		CE94AA9E1DA4D8B50031B63C = {
			isa = PBXGroup;
			children = (
				CE94AAA91DA4D8B50031B63C /* WindowAlert */,
				CE94AAA81DA4D8B50031B63C /* Products */,
			);
			sourceTree = "<group>";
		};
		CE94AAA81DA4D8B50031B63C /* Products */ = {
			isa = PBXGroup;
			children = (
				CE94AAA71DA4D8B50031B63C /* WindowAlert.app */,
			);
			name = Products;
			sourceTree = "<group>";
		};
		CE94AAA91DA4D8B50031B63C /* WindowAlert */ = {
			isa = PBXGroup;
			children = (
				CE94AAAA1DA4D8B50031B63C /* AppDelegate.swift */,
				CE94AAAC1DA4D8B50031B63C /* ViewController.swift */,
				CE94AABC1DA4D8EF0031B63C /* AlertWindow.swift */,
				CE94AABE1DA4DB060031B63C /* OrderTotalController.swift */,
				CE94AAAE1DA4D8B50031B63C /* Main.storyboard */,
				CE94AAB11DA4D8B60031B63C /* Assets.xcassets */,
				CE94AAB31DA4D8B60031B63C /* LaunchScreen.storyboard */,
				CE94AAB61DA4D8B60031B63C /* Info.plist */,
			);
			path = WindowAlert;
			sourceTree = "<group>";
		};
/* End PBXGroup section */

/* Begin PBXNativeTarget section */
		CE94AAA61DA4D8B50031B63C /* WindowAlert */ = {
			isa = PBXNativeTarget;
			buildConfigurationList = CE94AAB91DA4D8B60031B63C /* Build configuration list for PBXNativeTarget "WindowAlert" */;
			buildPhases = (
				CE94AAA31DA4D8B50031B63C /* Sources */,
				CE94AAA41DA4D8B50031B63C /* Frameworks */,
				CE94AAA51DA4D8B50031B63C /* Resources */,
			);
			buildRules = (
			);
			dependencies = (
			);
			name = WindowAlert;
			productName = WindowAlert;
			productReference = CE94AAA71DA4D8B50031B63C /* WindowAlert.app */;
			productType = "com.apple.product-type.application";
		};
/* End PBXNativeTarget section */

/* Begin PBXProject section */
		CE94AA9F1DA4D8B50031B63C /* Project object */ = {
			isa = PBXProject;
			attributes = {
				LastSwiftUpdateCheck = 0800;
				LastUpgradeCheck = 0800;
				ORGANIZATIONNAME = SMediaLink;
				TargetAttributes = {
					CE94AAA61DA4D8B50031B63C = {
						CreatedOnToolsVersion = 8.0;
						ProvisioningStyle = Automatic;
					};
				};
			};
			buildConfigurationList = CE94AAA21DA4D8B50031B63C /* Build configuration list for PBXProject "WindowAlert" */;
			compatibilityVersion = "Xcode 3.2";
			developmentRegion = English;
			hasScannedForEncodings = 0;
			knownRegions = (
				en,
				Base,
			);
			mainGroup = CE94AA9E1DA4D8B50031B63C;
			productRefGroup = CE94AAA81DA4D8B50031B63C /* Products */;
			projectDirPath = "";
			projectRoot = "";
			targets = (
				CE94AAA61DA4D8B50031B63C /* WindowAlert */,
			);
		};
/* End PBXProject section */

/* Begin PBXResourcesBuildPhase section */
		CE94AAA51DA4D8B50031B63C /* Resources */ = {
			isa = PBXResourcesBuildPhase;
			buildActionMask = 2147483647;
			files = (
				CE94AAB51DA4D8B60031B63C /* LaunchScreen.storyboard in Resources */,
				CE94AAB21DA4D8B60031B63C /* Assets.xcassets in Resources */,
				CE94AAB01DA4D8B50031B63C /* Main.storyboard in Resources */,
			);
			runOnlyForDeploymentPostprocessing = 0;
		};
/* End PBXResourcesBuildPhase section */

/* Begin PBXSourcesBuildPhase section */
		CE94AAA31DA4D8B50031B63C /* Sources */ = {
			isa = PBXSourcesBuildPhase;
			buildActionMask = 2147483647;
			files = (
				CE94AABF1DA4DB060031B63C /* OrderTotalController.swift in Sources */,
				CE94AABD1DA4D8EF0031B63C /* AlertWindow.swift in Sources */,
				CE94AAAD1DA4D8B50031B63C /* ViewController.swift in Sources */,
				CE94AAAB1DA4D8B50031B63C /* AppDelegate.swift in Sources */,
			);
			runOnlyForDeploymentPostprocessing = 0;
		};
/* End PBXSourcesBuildPhase section */

/* Begin PBXVariantGroup section */
		CE94AAAE1DA4D8B50031B63C /* Main.storyboard */ = {
			isa = PBXVariantGroup;
			children = (
				CE94AAAF1DA4D8B50031B63C /* Base */,
			);
			name = Main.storyboard;
			sourceTree = "<group>";
		};
		CE94AAB31DA4D8B60031B63C /* LaunchScreen.storyboard */ = {
			isa = PBXVariantGroup;
			children = (
				CE94AAB41DA4D8B60031B63C /* Base */,
			);
			name = LaunchScreen.storyboard;
			sourceTree = "<group>";
		};
/* End PBXVariantGroup section */

/* Begin XCBuildConfiguration section */
		CE94AAB71DA4D8B60031B63C /* Debug */ = {
			isa = XCBuildConfiguration;
			buildSettings = {
				ALWAYS_SEARCH_USER_PATHS = NO;
				CLANG_ANALYZER_NONNULL = YES;
				CLANG_CXX_LANGUAGE_STANDARD = "gnu++0x";
				CLANG_CXX_LIBRARY = "libc++";
				CLANG_ENABLE_MODULES = YES;
				CLANG_ENABLE_OBJC_ARC = YES;
				CLANG_WARN_BOOL_CONVERSION = YES;
				CLANG_WARN_CONSTANT_CONVERSION = YES;
				CLANG_WARN_DIRECT_OBJC_ISA_USAGE = YES_ERROR;
				CLANG_WARN_DOCUMENTATION_COMMENTS = YES;
				CLANG_WARN_EMPTY_BODY = YES;
				CLANG_WARN_ENUM_CONVERSION = YES;
				CLANG_WARN_INFINITE_RECURSION = YES;
				CLANG_WARN_INT_CONVERSION = YES;
				CLANG_WARN_OBJC_ROOT_CLASS = YES_ERROR;
				CLANG_WARN_SUSPICIOUS_MOVES = YES;
				CLANG_WARN_UNREACHABLE_CODE = YES;
				CLANG_WARN__DUPLICATE_METHOD_MATCH = YES;
				"CODE_SIGN_IDENTITY[sdk=iphoneos*]" = "iPhone Developer";
				COPY_PHASE_STRIP = NO;
				DEBUG_INFORMATION_FORMAT = dwarf;
				ENABLE_STRICT_OBJC_MSGSEND = YES;
				ENABLE_TESTABILITY = YES;
				GCC_C_LANGUAGE_STANDARD = gnu99;
				GCC_DYNAMIC_NO_PIC = NO;
				GCC_NO_COMMON_BLOCKS = YES;
				GCC_OPTIMIZATION_LEVEL = 0;
				GCC_PREPROCESSOR_DEFINITIONS = (
					"DEBUG=1",
					"$(inherited)",
				);
				GCC_WARN_64_TO_32_BIT_CONVERSION = YES;
				GCC_WARN_ABOUT_RETURN_TYPE = YES_ERROR;
				GCC_WARN_UNDECLARED_SELECTOR = YES;
				GCC_WARN_UNINITIALIZED_AUTOS = YES_AGGRESSIVE;
				GCC_WARN_UNUSED_FUNCTION = YES;
				GCC_WARN_UNUSED_VARIABLE = YES;
				IPHONEOS_DEPLOYMENT_TARGET = 10.0;
				MTL_ENABLE_DEBUG_INFO = YES;
				ONLY_ACTIVE_ARCH = YES;
				SDKROOT = iphoneos;
				SWIFT_ACTIVE_COMPILATION_CONDITIONS = DEBUG;
				SWIFT_OPTIMIZATION_LEVEL = "-Onone";
				TARGETED_DEVICE_FAMILY = "1,2";
			};
			name = Debug;
		};
		CE94AAB81DA4D8B60031B63C /* Release */ = {
			isa = XCBuildConfiguration;
			buildSettings = {
				ALWAYS_SEARCH_USER_PATHS = NO;
				CLANG_ANALYZER_NONNULL = YES;
				CLANG_CXX_LANGUAGE_STANDARD = "gnu++0x";
				CLANG_CXX_LIBRARY = "libc++";
				CLANG_ENABLE_MODULES = YES;
				CLANG_ENABLE_OBJC_ARC = YES;
				CLANG_WARN_BOOL_CONVERSION = YES;
				CLANG_WARN_CONSTANT_CONVERSION = YES;
				CLANG_WARN_DIRECT_OBJC_ISA_USAGE = YES_ERROR;
				CLANG_WARN_DOCUMENTATION_COMMENTS = YES;
				CLANG_WARN_EMPTY_BODY = YES;
				CLANG_WARN_ENUM_CONVERSION = YES;
				CLANG_WARN_INFINITE_RECURSION = YES;
				CLANG_WARN_INT_CONVERSION = YES;
				CLANG_WARN_OBJC_ROOT_CLASS = YES_ERROR;
				CLANG_WARN_SUSPICIOUS_MOVES = YES;
				CLANG_WARN_UNREACHABLE_CODE = YES;
				CLANG_WARN__DUPLICATE_METHOD_MATCH = YES;
				"CODE_SIGN_IDENTITY[sdk=iphoneos*]" = "iPhone Developer";
				COPY_PHASE_STRIP = NO;
				DEBUG_INFORMATION_FORMAT = "dwarf-with-dsym";
				ENABLE_NS_ASSERTIONS = NO;
				ENABLE_STRICT_OBJC_MSGSEND = YES;
				GCC_C_LANGUAGE_STANDARD = gnu99;
				GCC_NO_COMMON_BLOCKS = YES;
				GCC_WARN_64_TO_32_BIT_CONVERSION = YES;
				GCC_WARN_ABOUT_RETURN_TYPE = YES_ERROR;
				GCC_WARN_UNDECLARED_SELECTOR = YES;
				GCC_WARN_UNINITIALIZED_AUTOS = YES_AGGRESSIVE;
				GCC_WARN_UNUSED_FUNCTION = YES;
				GCC_WARN_UNUSED_VARIABLE = YES;
				IPHONEOS_DEPLOYMENT_TARGET = 10.0;
				MTL_ENABLE_DEBUG_INFO = NO;
				SDKROOT = iphoneos;
				SWIFT_OPTIMIZATION_LEVEL = "-Owholemodule";
				TARGETED_DEVICE_FAMILY = "1,2";
				VALIDATE_PRODUCT = YES;
			};
			name = Release;
		};
		CE94AABA1DA4D8B60031B63C /* Debug */ = {
			isa = XCBuildConfiguration;
			buildSettings = {
				ASSETCATALOG_COMPILER_APPICON_NAME = AppIcon;
				INFOPLIST_FILE = WindowAlert/Info.plist;
				IPHONEOS_DEPLOYMENT_TARGET = 8.0;
				LD_RUNPATH_SEARCH_PATHS = "$(inherited) @executable_path/Frameworks";
				PRODUCT_BUNDLE_IDENTIFIER = com.smedialink.WindowAlert;
				PRODUCT_NAME = "$(TARGET_NAME)";
				SWIFT_VERSION = 3.0;
			};
			name = Debug;
		};
		CE94AABB1DA4D8B60031B63C /* Release */ = {
			isa = XCBuildConfiguration;
			buildSettings = {
				ASSETCATALOG_COMPILER_APPICON_NAME = AppIcon;
				INFOPLIST_FILE = WindowAlert/Info.plist;
				IPHONEOS_DEPLOYMENT_TARGET = 8.0;
				LD_RUNPATH_SEARCH_PATHS = "$(inherited) @executable_path/Frameworks";
				PRODUCT_BUNDLE_IDENTIFIER = com.smedialink.WindowAlert;
				PRODUCT_NAME = "$(TARGET_NAME)";
				SWIFT_VERSION = 3.0;
			};
			name = Release;
		};
/* End XCBuildConfiguration section */

/* Begin XCConfigurationList section */
		CE94AAA21DA4D8B50031B63C /* Build configuration list for PBXProject "WindowAlert" */ = {
			isa = XCConfigurationList;
			buildConfigurations = (
				CE94AAB71DA4D8B60031B63C /* Debug */,
				CE94AAB81DA4D8B60031B63C /* Release */,
			);
			defaultConfigurationIsVisible = 0;
			defaultConfigurationName = Release;
		};
		CE94AAB91DA4D8B60031B63C /* Build configuration list for PBXNativeTarget "WindowAlert" */ = {
			isa = XCConfigurationList;
			buildConfigurations = (
				CE94AABA1DA4D8B60031B63C /* Debug */,
				CE94AABB1DA4D8B60031B63C /* Release */,
			);
			defaultConfigurationIsVisible = 0;
			defaultConfigurationName = Release;
		};
/* End XCConfigurationList section */
	};
	rootObject = CE94AA9F1DA4D8B50031B63C /* Project object */;
}
